
Microsoft Visual Studio Solution File, Format Version 12.00
# Visual Studio Version 17
VisualStudioVersion = 17.7.34031.279
MinimumVisualStudioVersion = 10.0.40219.1
Project("{FAE04EC0-301F-11D3-BF4B-00C04F79EFBC}") = "BLL", "BLL\BLL.csproj", "{B16CA1E5-EF5A-49A4-AE92-5719BBBB4C55}"
EndProject
Project("{FAE04EC0-301F-11D3-BF4B-00C04F79EFBC}") = "DAL", "DAL\DAL.csproj", "{344CFF65-475D-441E-9BC1-81C7F6BA51C2}"
EndProject
Project("{FAE04EC0-301F-11D3-BF4B-00C04F79EFBC}") = "ENTITY", "ENTITY\ENTITY.csproj", "{81C55B0F-2D33-4EB3-8606-750BB6D3BF7B}"
EndProject
Project("{FAE04EC0-301F-11D3-BF4B-00C04F79EFBC}") = "PRESENTACION", "PRESENTACION\PRESENTACION.csproj", "{CDB29C0B-C5E7-45C2-B7C5-51DDD8D01BC0}"
EndProject
Global
	GlobalSection(SolutionConfigurationPlatforms) = preSolution
		Debug|Any CPU = Debug|Any CPU
		Release|Any CPU = Release|Any CPU
	EndGlobalSection
	GlobalSection(ProjectConfigurationPlatforms) = postSolution
		{B16CA1E5-EF5A-49A4-AE92-5719BBBB4C55}.Debug|Any CPU.ActiveCfg = Debug|Any CPU
		{B16CA1E5-EF5A-49A4-AE92-5719BBBB4C55}.Debug|Any CPU.Build.0 = Debug|Any CPU
		{B16CA1E5-EF5A-49A4-AE92-5719BBBB4C55}.Release|Any CPU.ActiveCfg = Release|Any CPU
		{B16CA1E5-EF5A-49A4-AE92-5719BBBB4C55}.Release|Any CPU.Build.0 = Release|Any CPU
		{344CFF65-475D-441E-9BC1-81C7F6BA51C2}.Debug|Any CPU.ActiveCfg = Debug|Any CPU
		{344CFF65-475D-441E-9BC1-81C7F6BA51C2}.Debug|Any CPU.Build.0 = Debug|Any CPU
		{344CFF65-475D-441E-9BC1-81C7F6BA51C2}.Release|Any CPU.ActiveCfg = Release|Any CPU
		{344CFF65-475D-441E-9BC1-81C7F6BA51C2}.Release|Any CPU.Build.0 = Release|Any CPU
		{81C55B0F-2D33-4EB3-8606-750BB6D3BF7B}.Debug|Any CPU.ActiveCfg = Debug|Any CPU
		{81C55B0F-2D33-4EB3-8606-750BB6D3BF7B}.Debug|Any CPU.Build.0 = Debug|Any CPU
		{81C55B0F-2D33-4EB3-8606-750BB6D3BF7B}.Release|Any CPU.ActiveCfg = Release|Any CPU
		{81C55B0F-2D33-4EB3-8606-750BB6D3BF7B}.Release|Any CPU.Build.0 = Release|Any CPU
		{CDB29C0B-C5E7-45C2-B7C5-51DDD8D01BC0}.Debug|Any CPU.ActiveCfg = Debug|Any CPU
		{CDB29C0B-C5E7-45C2-B7C5-51DDD8D01BC0}.Debug|Any CPU.Build.0 = Debug|Any CPU
		{CDB29C0B-C5E7-45C2-B7C5-51DDD8D01BC0}.Release|Any CPU.ActiveCfg = Release|Any CPU
		{CDB29C0B-C5E7-45C2-B7C5-51DDD8D01BC0}.Release|Any CPU.Build.0 = Release|Any CPU
	EndGlobalSection
	GlobalSection(SolutionProperties) = preSolution
		HideSolutionNode = FALSE
	EndGlobalSection
	GlobalSection(ExtensibilityGlobals) = postSolution
		SolutionGuid = {07A9D389-EE1E-4871-82D5-75348D3D00D3}
	EndGlobalSection
EndGlobal
