
Microsoft Visual Studio Solution File, Format Version 12.00
# Visual Studio Version 17
VisualStudioVersion = 17.4.33110.190
MinimumVisualStudioVersion = 10.0.40219.1
Project("{FAE04EC0-301F-11D3-BF4B-00C04F79EFBC}") = "BLL", "BLL\BLL.csproj", "{B8EAB67D-04CC-4C50-8864-F7F8249E164A}"
EndProject
Project("{FAE04EC0-301F-11D3-BF4B-00C04F79EFBC}") = "DAL", "DAL\DAL.csproj", "{82F25B88-FDF4-4469-9C0D-A88B3F3A90FC}"
EndProject
Project("{FAE04EC0-301F-11D3-BF4B-00C04F79EFBC}") = "ENTITY", "ENTITY\ENTITY.csproj", "{F124A0AA-59CD-49B8-9900-32C787B7571C}"
EndProject
Project("{FAE04EC0-301F-11D3-BF4B-00C04F79EFBC}") = "Presentacion", "Presentacion\Presentacion.csproj", "{6F74CC6D-47E2-4940-BA2F-3C14A394C2D6}"
EndProject
Project("{FAE04EC0-301F-11D3-BF4B-00C04F79EFBC}") = "Pruebas", "Pruebas\Pruebas.csproj", "{B3B94F67-97AD-4F6C-919B-4A79FE3CC8FD}"
EndProject
Global
	GlobalSection(SolutionConfigurationPlatforms) = preSolution
		Debug|Any CPU = Debug|Any CPU
		Release|Any CPU = Release|Any CPU
	EndGlobalSection
	GlobalSection(ProjectConfigurationPlatforms) = postSolution
		{B8EAB67D-04CC-4C50-8864-F7F8249E164A}.Debug|Any CPU.ActiveCfg = Debug|Any CPU
		{B8EAB67D-04CC-4C50-8864-F7F8249E164A}.Debug|Any CPU.Build.0 = Debug|Any CPU
		{B8EAB67D-04CC-4C50-8864-F7F8249E164A}.Release|Any CPU.ActiveCfg = Release|Any CPU
		{B8EAB67D-04CC-4C50-8864-F7F8249E164A}.Release|Any CPU.Build.0 = Release|Any CPU
		{82F25B88-FDF4-4469-9C0D-A88B3F3A90FC}.Debug|Any CPU.ActiveCfg = Debug|Any CPU
		{82F25B88-FDF4-4469-9C0D-A88B3F3A90FC}.Debug|Any CPU.Build.0 = Debug|Any CPU
		{82F25B88-FDF4-4469-9C0D-A88B3F3A90FC}.Release|Any CPU.ActiveCfg = Release|Any CPU
		{82F25B88-FDF4-4469-9C0D-A88B3F3A90FC}.Release|Any CPU.Build.0 = Release|Any CPU
		{F124A0AA-59CD-49B8-9900-32C787B7571C}.Debug|Any CPU.ActiveCfg = Debug|Any CPU
		{F124A0AA-59CD-49B8-9900-32C787B7571C}.Debug|Any CPU.Build.0 = Debug|Any CPU
		{F124A0AA-59CD-49B8-9900-32C787B7571C}.Release|Any CPU.ActiveCfg = Release|Any CPU
		{F124A0AA-59CD-49B8-9900-32C787B7571C}.Release|Any CPU.Build.0 = Release|Any CPU
		{6F74CC6D-47E2-4940-BA2F-3C14A394C2D6}.Debug|Any CPU.ActiveCfg = Debug|Any CPU
		{6F74CC6D-47E2-4940-BA2F-3C14A394C2D6}.Debug|Any CPU.Build.0 = Debug|Any CPU
		{6F74CC6D-47E2-4940-BA2F-3C14A394C2D6}.Release|Any CPU.ActiveCfg = Release|Any CPU
		{6F74CC6D-47E2-4940-BA2F-3C14A394C2D6}.Release|Any CPU.Build.0 = Release|Any CPU
		{B3B94F67-97AD-4F6C-919B-4A79FE3CC8FD}.Debug|Any CPU.ActiveCfg = Debug|Any CPU
		{B3B94F67-97AD-4F6C-919B-4A79FE3CC8FD}.Debug|Any CPU.Build.0 = Debug|Any CPU
		{B3B94F67-97AD-4F6C-919B-4A79FE3CC8FD}.Release|Any CPU.ActiveCfg = Release|Any CPU
		{B3B94F67-97AD-4F6C-919B-4A79FE3CC8FD}.Release|Any CPU.Build.0 = Release|Any CPU
	EndGlobalSection
	GlobalSection(SolutionProperties) = preSolution
		HideSolutionNode = FALSE
	EndGlobalSection
	GlobalSection(ExtensibilityGlobals) = postSolution
		SolutionGuid = {8F71B225-0246-4D58-93BE-921DF13A23A9}
	EndGlobalSection
EndGlobal
